
Microsoft Visual Studio Solution File, Format Version 12.00
# Visual Studio Version 16
VisualStudioVersion = 16.0.30611.23
MinimumVisualStudioVersion = 10.0.40219.1
Project("{FAE04EC0-301F-11D3-BF4B-00C04F79EFBC}") = "Campaign.UI", "Campaign.UI\Campaign.UI.csproj", "{804151F1-A46A-478C-9528-48BC51751093}"
EndProject
Project("{FAE04EC0-301F-11D3-BF4B-00C04F79EFBC}") = "Campaign.Models", "Campaign.Models\Campaign.Models.csproj", "{D4E452CF-C278-41BB-8A25-2C2C06D7B439}"
EndProject
Project("{FAE04EC0-301F-11D3-BF4B-00C04F79EFBC}") = "Campaign.Data", "Campaign.Data\Campaign.Data.csproj", "{AF718D99-8427-4FD9-BBF2-649E51A266CA}"
EndProject
Global
	GlobalSection(SolutionConfigurationPlatforms) = preSolution
		Debug|Any CPU = Debug|Any CPU
		Release|Any CPU = Release|Any CPU
	EndGlobalSection
	GlobalSection(ProjectConfigurationPlatforms) = postSolution
		{804151F1-A46A-478C-9528-48BC51751093}.Debug|Any CPU.ActiveCfg = Debug|Any CPU
		{804151F1-A46A-478C-9528-48BC51751093}.Debug|Any CPU.Build.0 = Debug|Any CPU
		{804151F1-A46A-478C-9528-48BC51751093}.Release|Any CPU.ActiveCfg = Release|Any CPU
		{804151F1-A46A-478C-9528-48BC51751093}.Release|Any CPU.Build.0 = Release|Any CPU
		{D4E452CF-C278-41BB-8A25-2C2C06D7B439}.Debug|Any CPU.ActiveCfg = Debug|Any CPU
		{D4E452CF-C278-41BB-8A25-2C2C06D7B439}.Debug|Any CPU.Build.0 = Debug|Any CPU
		{D4E452CF-C278-41BB-8A25-2C2C06D7B439}.Release|Any CPU.ActiveCfg = Release|Any CPU
		{D4E452CF-C278-41BB-8A25-2C2C06D7B439}.Release|Any CPU.Build.0 = Release|Any CPU
		{AF718D99-8427-4FD9-BBF2-649E51A266CA}.Debug|Any CPU.ActiveCfg = Debug|Any CPU
		{AF718D99-8427-4FD9-BBF2-649E51A266CA}.Debug|Any CPU.Build.0 = Debug|Any CPU
		{AF718D99-8427-4FD9-BBF2-649E51A266CA}.Release|Any CPU.ActiveCfg = Release|Any CPU
		{AF718D99-8427-4FD9-BBF2-649E51A266CA}.Release|Any CPU.Build.0 = Release|Any CPU
	EndGlobalSection
	GlobalSection(SolutionProperties) = preSolution
		HideSolutionNode = FALSE
	EndGlobalSection
	GlobalSection(ExtensibilityGlobals) = postSolution
		SolutionGuid = {6633E3C7-F68A-44DF-91EA-2E56658EA628}
	EndGlobalSection
EndGlobal
